
Microsoft Visual Studio Solution File, Format Version 12.00
# Visual Studio Version 17
VisualStudioVersion = 17.10.35013.160
MinimumVisualStudioVersion = 10.0.40219.1
Project("{FAE04EC0-301F-11D3-BF4B-00C04F79EFBC}") = "Dorogan3ISIP-322", "Dorogan3ISIP-322\Dorogan3ISIP-322.csproj", "{240B437F-7437-4D6D-9763-221229A2ACCE}"
EndProject
Global
	GlobalSection(SolutionConfigurationPlatforms) = preSolution
		Debug|Any CPU = Debug|Any CPU
		Release|Any CPU = Release|Any CPU
	EndGlobalSection
	GlobalSection(ProjectConfigurationPlatforms) = postSolution
		{240B437F-7437-4D6D-9763-221229A2ACCE}.Debug|Any CPU.ActiveCfg = Debug|Any CPU
		{240B437F-7437-4D6D-9763-221229A2ACCE}.Debug|Any CPU.Build.0 = Debug|Any CPU
		{240B437F-7437-4D6D-9763-221229A2ACCE}.Release|Any CPU.ActiveCfg = Release|Any CPU
		{240B437F-7437-4D6D-9763-221229A2ACCE}.Release|Any CPU.Build.0 = Release|Any CPU
	EndGlobalSection
	GlobalSection(SolutionProperties) = preSolution
		HideSolutionNode = FALSE
	EndGlobalSection
	GlobalSection(ExtensibilityGlobals) = postSolution
		SolutionGuid = {87842D57-9873-46DF-88FE-E66DC32EF006}
	EndGlobalSection
EndGlobal
